Microsoft Visual Studio Solution File, Format Version 12.00
# Visual Studio Version 17
VisualStudioVersion = 17.13.35825.156 d17.13
MinimumVisualStudioVersion = 10.0.40219.1
Project("{FAE04EC0-301F-11D3-BF4B-00C04F79EFBC}") = "AspireBrownfield.AppHost", "AspireBrownfield.AppHost\AspireBrownfield.AppHost.csproj", "{51E8F72B-A6CC-4243-8DA8-F1F7A1514804}"
EndProject
Project("{FAE04EC0-301F-11D3-BF4B-00C04F79EFBC}") = "AspireBrownfield.ServiceDefaults", "AspireBrownfield.ServiceDefaults\AspireBrownfield.ServiceDefaults.csproj", "{60879209-762D-4DAF-48F0-838EC399A483}"
EndProject
Project("{FAE04EC0-301F-11D3-BF4B-00C04F79EFBC}") = "AspireBrownfield.ApiService", "AspireBrownfield.ApiService\AspireBrownfield.ApiService.csproj", "{1FF3794C-2D8D-1D50-9705-DC73CA050445}"
EndProject
Project("{FAE04EC0-301F-11D3-BF4B-00C04F79EFBC}") = "AspireBrownfield.Web", "AspireBrownfield.Web\AspireBrownfield.Web.csproj", "{26B1489D-19AD-5665-2D15-CF3337B697B9}"
EndProject
Global
	GlobalSection(SolutionConfigurationPlatforms) = preSolution
		Debug|Any CPU = Debug|Any CPU
		Release|Any CPU = Release|Any CPU
	EndGlobalSection
	GlobalSection(ProjectConfigurationPlatforms) = postSolution
		{51E8F72B-A6CC-4243-8DA8-F1F7A1514804}.Debug|Any CPU.ActiveCfg = Debug|Any CPU
		{51E8F72B-A6CC-4243-8DA8-F1F7A1514804}.Debug|Any CPU.Build.0 = Debug|Any CPU
		{51E8F72B-A6CC-4243-8DA8-F1F7A1514804}.Release|Any CPU.ActiveCfg = Release|Any CPU
		{51E8F72B-A6CC-4243-8DA8-F1F7A1514804}.Release|Any CPU.Build.0 = Release|Any CPU
		{60879209-762D-4DAF-48F0-838EC399A483}.Debug|Any CPU.ActiveCfg = Debug|Any CPU
		{60879209-762D-4DAF-48F0-838EC399A483}.Debug|Any CPU.Build.0 = Debug|Any CPU
		{60879209-762D-4DAF-48F0-838EC399A483}.Release|Any CPU.ActiveCfg = Release|Any CPU
		{60879209-762D-4DAF-48F0-838EC399A483}.Release|Any CPU.Build.0 = Release|Any CPU
		{1FF3794C-2D8D-1D50-9705-DC73CA050445}.Debug|Any CPU.ActiveCfg = Debug|Any CPU
		{1FF3794C-2D8D-1D50-9705-DC73CA050445}.Debug|Any CPU.Build.0 = Debug|Any CPU
		{1FF3794C-2D8D-1D50-9705-DC73CA050445}.Release|Any CPU.ActiveCfg = Release|Any CPU
		{1FF3794C-2D8D-1D50-9705-DC73CA050445}.Release|Any CPU.Build.0 = Release|Any CPU
		{26B1489D-19AD-5665-2D15-CF3337B697B9}.Debug|Any CPU.ActiveCfg = Debug|Any CPU
		{26B1489D-19AD-5665-2D15-CF3337B697B9}.Debug|Any CPU.Build.0 = Debug|Any CPU
		{26B1489D-19AD-5665-2D15-CF3337B697B9}.Release|Any CPU.ActiveCfg = Release|Any CPU
		{26B1489D-19AD-5665-2D15-CF3337B697B9}.Release|Any CPU.Build.0 = Release|Any CPU
	EndGlobalSection
	GlobalSection(SolutionProperties) = preSolution
		HideSolutionNode = FALSE
	EndGlobalSection
	GlobalSection(ExtensibilityGlobals) = postSolution
		SolutionGuid = {D2A5A8A0-9027-41B5-87B7-7C59ED930503}
	EndGlobalSection
EndGlobal
