Microsoft Visual Studio Solution File, Format Version 12.00
# Visual Studio Version 17
VisualStudioVersion = 17.11.35312.102
MinimumVisualStudioVersion = 10.0.40219.1
Project("{9A19103F-16F7-4668-BE54-9A1E7A4F7556}") = "AspireBrownfield.ApiService", "AspireBrownfield.ApiService\AspireBrownfield.ApiService.csproj", "{8EF083AB-3361-4116-8596-3FC6C8EBB46D}"
EndProject
Project("{9A19103F-16F7-4668-BE54-9A1E7A4F7556}") = "AspireBrownfield.Web", "AspireBrownfield.Web\AspireBrownfield.Web.csproj", "{F6E3735F-192C-4AB6-AA96-143EE97C9A78}"
EndProject
Project("{FAE04EC0-301F-11D3-BF4B-00C04F79EFBC}") = "AspireBrownfield.AppHost", "AspireBrownfield.AppHost\AspireBrownfield.AppHost.csproj", "{41E2908D-03B0-4CD1-81D0-E5FB02D396E8}"
EndProject
Project("{9A19103F-16F7-4668-BE54-9A1E7A4F7556}") = "AspireBrownfield.ServiceDefaults", "AspireBrownfield.ServiceDefaults\AspireBrownfield.ServiceDefaults.csproj", "{52DF1E66-6540-4416-B99C-D43BA6D5E2E3}"
EndProject
Global
	GlobalSection(SolutionConfigurationPlatforms) = preSolution
		Debug|Any CPU = Debug|Any CPU
		Release|Any CPU = Release|Any CPU
	EndGlobalSection
	GlobalSection(ProjectConfigurationPlatforms) = postSolution
		{8EF083AB-3361-4116-8596-3FC6C8EBB46D}.Debug|Any CPU.ActiveCfg = Debug|Any CPU
		{8EF083AB-3361-4116-8596-3FC6C8EBB46D}.Debug|Any CPU.Build.0 = Debug|Any CPU
		{8EF083AB-3361-4116-8596-3FC6C8EBB46D}.Release|Any CPU.ActiveCfg = Release|Any CPU
		{8EF083AB-3361-4116-8596-3FC6C8EBB46D}.Release|Any CPU.Build.0 = Release|Any CPU
		{F6E3735F-192C-4AB6-AA96-143EE97C9A78}.Debug|Any CPU.ActiveCfg = Debug|Any CPU
		{F6E3735F-192C-4AB6-AA96-143EE97C9A78}.Debug|Any CPU.Build.0 = Debug|Any CPU
		{F6E3735F-192C-4AB6-AA96-143EE97C9A78}.Release|Any CPU.ActiveCfg = Release|Any CPU
		{F6E3735F-192C-4AB6-AA96-143EE97C9A78}.Release|Any CPU.Build.0 = Release|Any CPU
		{41E2908D-03B0-4CD1-81D0-E5FB02D396E8}.Debug|Any CPU.ActiveCfg = Debug|Any CPU
		{41E2908D-03B0-4CD1-81D0-E5FB02D396E8}.Debug|Any CPU.Build.0 = Debug|Any CPU
		{41E2908D-03B0-4CD1-81D0-E5FB02D396E8}.Release|Any CPU.ActiveCfg = Release|Any CPU
		{41E2908D-03B0-4CD1-81D0-E5FB02D396E8}.Release|Any CPU.Build.0 = Release|Any CPU
		{52DF1E66-6540-4416-B99C-D43BA6D5E2E3}.Debug|Any CPU.ActiveCfg = Debug|Any CPU
		{52DF1E66-6540-4416-B99C-D43BA6D5E2E3}.Debug|Any CPU.Build.0 = Debug|Any CPU
		{52DF1E66-6540-4416-B99C-D43BA6D5E2E3}.Release|Any CPU.ActiveCfg = Release|Any CPU
		{52DF1E66-6540-4416-B99C-D43BA6D5E2E3}.Release|Any CPU.Build.0 = Release|Any CPU
	EndGlobalSection
	GlobalSection(SolutionProperties) = preSolution
		HideSolutionNode = FALSE
	EndGlobalSection
	GlobalSection(ExtensibilityGlobals) = postSolution
		SolutionGuid = {5287ECDB-6754-4010-9453-60660C81C1F1}
	EndGlobalSection
EndGlobal
